
Microsoft Visual Studio Solution File, Format Version 12.00
# Visual Studio Version 16
VisualStudioVersion = 16.0.31624.102
MinimumVisualStudioVersion = 10.0.40219.1
Project("{FAE04EC0-301F-11D3-BF4B-00C04F79EFBC}") = "Grafikus", "Grafikus\Grafikus.csproj", "{DD02E788-5EF2-4CC1-9F9B-12E29A940421}"
EndProject
Global
	GlobalSection(SolutionConfigurationPlatforms) = preSolution
		Debug|Any CPU = Debug|Any CPU
		Release|Any CPU = Release|Any CPU
	EndGlobalSection
	GlobalSection(ProjectConfigurationPlatforms) = postSolution
		{DD02E788-5EF2-4CC1-9F9B-12E29A940421}.Debug|Any CPU.ActiveCfg = Debug|Any CPU
		{DD02E788-5EF2-4CC1-9F9B-12E29A940421}.Debug|Any CPU.Build.0 = Debug|Any CPU
		{DD02E788-5EF2-4CC1-9F9B-12E29A940421}.Release|Any CPU.ActiveCfg = Release|Any CPU
		{DD02E788-5EF2-4CC1-9F9B-12E29A940421}.Release|Any CPU.Build.0 = Release|Any CPU
	EndGlobalSection
	GlobalSection(SolutionProperties) = preSolution
		HideSolutionNode = FALSE
	EndGlobalSection
	GlobalSection(ExtensibilityGlobals) = postSolution
		SolutionGuid = {1B697978-2C39-4A3D-BE70-5995AE17B018}
	EndGlobalSection
EndGlobal
